
Microsoft Visual Studio Solution File, Format Version 12.00
# Visual Studio Version 17
VisualStudioVersion = 17.2.32802.462
MinimumVisualStudioVersion = 10.0.40219.1
Project("{FAE04EC0-301F-11D3-BF4B-00C04F79EFBC}") = "EnumerableUtilities", "EnumerableUtilities\EnumerableUtilities.csproj", "{B86F529D-5CBB-4814-B183-974F18A1134F}"
EndProject
Global
	GlobalSection(SolutionConfigurationPlatforms) = preSolution
		Debug|Any CPU = Debug|Any CPU
		Release|Any CPU = Release|Any CPU
	EndGlobalSection
	GlobalSection(ProjectConfigurationPlatforms) = postSolution
		{B86F529D-5CBB-4814-B183-974F18A1134F}.Debug|Any CPU.ActiveCfg = Debug|Any CPU
		{B86F529D-5CBB-4814-B183-974F18A1134F}.Debug|Any CPU.Build.0 = Debug|Any CPU
		{B86F529D-5CBB-4814-B183-974F18A1134F}.Release|Any CPU.ActiveCfg = Release|Any CPU
		{B86F529D-5CBB-4814-B183-974F18A1134F}.Release|Any CPU.Build.0 = Release|Any CPU
	EndGlobalSection
	GlobalSection(SolutionProperties) = preSolution
		HideSolutionNode = FALSE
	EndGlobalSection
	GlobalSection(ExtensibilityGlobals) = postSolution
		SolutionGuid = {C77A59E4-EC67-406B-98C4-14115142CD45}
	EndGlobalSection
EndGlobal
